
Microsoft Visual Studio Solution File, Format Version 12.00
# Visual Studio Version 16
VisualStudioVersion = 16.0.32901.82
MinimumVisualStudioVersion = 10.0.40219.1
Project("{FAE04EC0-301F-11D3-BF4B-00C04F79EFBC}") = "FinalProject", "FinalProject\FinalProject.csproj", "{7262E27D-7A44-4111-8EA9-2B5B8D5E0FD7}"
EndProject
Global
	GlobalSection(SolutionConfigurationPlatforms) = preSolution
		Debug|Any CPU = Debug|Any CPU
		Release|Any CPU = Release|Any CPU
	EndGlobalSection
	GlobalSection(ProjectConfigurationPlatforms) = postSolution
		{7262E27D-7A44-4111-8EA9-2B5B8D5E0FD7}.Debug|Any CPU.ActiveCfg = Debug|Any CPU
		{7262E27D-7A44-4111-8EA9-2B5B8D5E0FD7}.Debug|Any CPU.Build.0 = Debug|Any CPU
		{7262E27D-7A44-4111-8EA9-2B5B8D5E0FD7}.Release|Any CPU.ActiveCfg = Release|Any CPU
		{7262E27D-7A44-4111-8EA9-2B5B8D5E0FD7}.Release|Any CPU.Build.0 = Release|Any CPU
	EndGlobalSection
	GlobalSection(SolutionProperties) = preSolution
		HideSolutionNode = FALSE
	EndGlobalSection
	GlobalSection(ExtensibilityGlobals) = postSolution
		SolutionGuid = {C7A8B218-2C2C-456E-9003-5424830A9FD1}
	EndGlobalSection
EndGlobal
